github.com/ahmetb/go-linq v3.0.0+incompatible h1:qQkjjOXKrKOTy83X8OpRmnKflXKQIL/mC/gMVVDMhOA=
github.com/ahmetb/go-linq v3.0.0+incompatible/go.mod h1:PFffvbdbtw+QTB0WKRP0cNht7vnCfnGlEpak/DVg5cY=
github.com/ben-powley/go-csv-reader v0.0.0-20200308233624-e350d3c11a60 h1:kPdD04aoTyphCGXOWD1ev+TltzE7dFFDvbPEFn3tVHo=
github.com/ben-powley/go-csv-reader v0.0.0-20200308233624-e350d3c11a60/go.mod h1:ulU4SKPE00QcdteRypNPBMQQCYBMDmSLQK3nZ2Ms2Kc=
